// !$*UTF8*$!
{
	archiveVersion = 1;
	classes = {
	};
	objectVersion = 46;
	objects = {

/* Begin PBXBuildFile section */
		42D48F0E1CB759C50007E0B2 /* Assets.xcassets in Resources */ = {isa = PBXBuildFile; fileRef = 42D48F0D1CB759C50007E0B2 /* Assets.xcassets */; };
		42D48F111CB759C50007E0B2 /* LaunchScreen.storyboard in Resources */ = {isa = PBXBuildFile; fileRef = 42D48F0F1CB759C50007E0B2 /* LaunchScreen.storyboard */; };
		42D48F201CB75A130007E0B2 /* AppDelegate.swift in Sources */ = {isa = PBXBuildFile; fileRef = 42D48F191CB75A130007E0B2 /* AppDelegate.swift */; };
		42D48F211CB75A130007E0B2 /* ViewController.swift in Sources */ = {isa = PBXBuildFile; fileRef = 42D48F1A1CB75A130007E0B2 /* ViewController.swift */; };
		42D48F221CB75A130007E0B2 /* AddContactViewController.swift in Sources */ = {isa = PBXBuildFile; fileRef = 42D48F1B1CB75A130007E0B2 /* AddContactViewController.swift */; };
		42D48F231CB75A130007E0B2 /* CreateContactViewController.swift in Sources */ = {isa = PBXBuildFile; fileRef = 42D48F1C1CB75A130007E0B2 /* CreateContactViewController.swift */; };
		42D48F241CB75A130007E0B2 /* ContactBirthdayCell.swift in Sources */ = {isa = PBXBuildFile; fileRef = 42D48F1D1CB75A130007E0B2 /* ContactBirthdayCell.swift */; };
		42D48F251CB75A130007E0B2 /* Main.storyboard in Resources */ = {isa = PBXBuildFile; fileRef = 42D48F1E1CB75A130007E0B2 /* Main.storyboard */; };
		42D48F261CB75A130007E0B2 /* ContactBirthdayCell.xib in Resources */ = {isa = PBXBuildFile; fileRef = 42D48F1F1CB75A130007E0B2 /* ContactBirthdayCell.xib */; };
/* End PBXBuildFile section */

/* Begin PBXFileReference section */
		42D48F031CB759C50007E0B2 /* BirthdayContacts.app */ = {isa = PBXFileReference; explicitFileType = wrapper.application; includeInIndex = 0; path = BirthdayContacts.app; sourceTree = BUILT_PRODUCTS_DIR; };
		42D48F0D1CB759C50007E0B2 /* Assets.xcassets */ = {isa = PBXFileReference; lastKnownFileType = folder.assetcatalog; path = Assets.xcassets; sourceTree = "<group>"; };
		42D48F101CB759C50007E0B2 /* Base */ = {isa = PBXFileReference; lastKnownFileType = file.storyboard; name = Base; path = Base.lproj/LaunchScreen.storyboard; sourceTree = "<group>"; };
		42D48F121CB759C50007E0B2 /* Info.plist */ = {isa = PBXFileReference; lastKnownFileType = text.plist.xml; path = Info.plist; sourceTree = "<group>"; };
		42D48F181CB75A130007E0B2 /* BirthdayContacts-Bridging-Header.h */ = {isa = PBXFileReference; lastKnownFileType = sourcecode.c.h; path = "BirthdayContacts-Bridging-Header.h"; sourceTree = "<group>"; };
		42D48F191CB75A130007E0B2 /* AppDelegate.swift */ = {isa = PBXFileReference; fileEncoding = 4; lastKnownFileType = sourcecode.swift; path = AppDelegate.swift; sourceTree = "<group>"; };
		42D48F1A1CB75A130007E0B2 /* ViewController.swift */ = {isa = PBXFileReference; fileEncoding = 4; lastKnownFileType = sourcecode.swift; path = ViewController.swift; sourceTree = "<group>"; };
		42D48F1B1CB75A130007E0B2 /* AddContactViewController.swift */ = {isa = PBXFileReference; fileEncoding = 4; lastKnownFileType = sourcecode.swift; path = AddContactViewController.swift; sourceTree = "<group>"; };
		42D48F1C1CB75A130007E0B2 /* CreateContactViewController.swift */ = {isa = PBXFileReference; fileEncoding = 4; lastKnownFileType = sourcecode.swift; path = CreateContactViewController.swift; sourceTree = "<group>"; };
		42D48F1D1CB75A130007E0B2 /* ContactBirthdayCell.swift */ = {isa = PBXFileReference; fileEncoding = 4; lastKnownFileType = sourcecode.swift; path = ContactBirthdayCell.swift; sourceTree = "<group>"; };
		42D48F1E1CB75A130007E0B2 /* Main.storyboard */ = {isa = PBXFileReference; fileEncoding = 4; lastKnownFileType = file.storyboard; path = Main.storyboard; sourceTree = "<group>"; };
		42D48F1F1CB75A130007E0B2 /* ContactBirthdayCell.xib */ = {isa = PBXFileReference; fileEncoding = 4; lastKnownFileType = file.xib; path = ContactBirthdayCell.xib; sourceTree = "<group>"; };
/* End PBXFileReference section */

/* Begin PBXFrameworksBuildPhase section */
		42D48F001CB759C50007E0B2 /* Frameworks */ = {
			isa = PBXFrameworksBuildPhase;
			buildActionMask = 2147483647;
			files = (
			);
			runOnlyForDeploymentPostprocessing = 0;
		};
/* End PBXFrameworksBuildPhase section */

/* Begin PBXGroup section */
		42D48EFA1CB759C50007E0B2 = {
			isa = PBXGroup;
			children = (
				42D48F051CB759C50007E0B2 /* BirthdayContacts */,
				42D48F041CB759C50007E0B2 /* Products */,
			);
			sourceTree = "<group>";
		};
		42D48F041CB759C50007E0B2 /* Products */ = {
			isa = PBXGroup;
			children = (
				42D48F031CB759C50007E0B2 /* BirthdayContacts.app */,
			);
			name = Products;
			sourceTree = "<group>";
		};
		42D48F051CB759C50007E0B2 /* BirthdayContacts */ = {
			isa = PBXGroup;
			children = (
				42D48F191CB75A130007E0B2 /* AppDelegate.swift */,
				42D48F1A1CB75A130007E0B2 /* ViewController.swift */,
				42D48F1B1CB75A130007E0B2 /* AddContactViewController.swift */,
				42D48F1C1CB75A130007E0B2 /* CreateContactViewController.swift */,
				42D48F1D1CB75A130007E0B2 /* ContactBirthdayCell.swift */,
				42D48F1E1CB75A130007E0B2 /* Main.storyboard */,
				42D48F1F1CB75A130007E0B2 /* ContactBirthdayCell.xib */,
				42D48F0D1CB759C50007E0B2 /* Assets.xcassets */,
				42D48F0F1CB759C50007E0B2 /* LaunchScreen.storyboard */,
				42D48F121CB759C50007E0B2 /* Info.plist */,
				42D48F181CB75A130007E0B2 /* BirthdayContacts-Bridging-Header.h */,
			);
			path = BirthdayContacts;
			sourceTree = "<group>";
		};
/* End PBXGroup section */

/* Begin PBXNativeTarget section */
		42D48F021CB759C50007E0B2 /* BirthdayContacts */ = {
			isa = PBXNativeTarget;
			buildConfigurationList = 42D48F151CB759C50007E0B2 /* Build configuration list for PBXNativeTarget "BirthdayContacts" */;
			buildPhases = (
				42D48EFF1CB759C50007E0B2 /* Sources */,
				42D48F001CB759C50007E0B2 /* Frameworks */,
				42D48F011CB759C50007E0B2 /* Resources */,
			);
			buildRules = (
			);
			dependencies = (
			);
			name = BirthdayContacts;
			productName = BirthdayContacts;
			productReference = 42D48F031CB759C50007E0B2 /* BirthdayContacts.app */;
			productType = "com.apple.product-type.application";
		};
/* End PBXNativeTarget section */

/* Begin PBXProject section */
		42D48EFB1CB759C50007E0B2 /* Project object */ = {
			isa = PBXProject;
			attributes = {
				LastSwiftUpdateCheck = 0730;
				LastUpgradeCheck = 0730;
				ORGANIZATIONNAME = "Omar Faruqe";
				TargetAttributes = {
					42D48F021CB759C50007E0B2 = {
						CreatedOnToolsVersion = 7.3;
						DevelopmentTeam = G922VPJ64L;
					};
				};
			};
			buildConfigurationList = 42D48EFE1CB759C50007E0B2 /* Build configuration list for PBXProject "BirthdayContacts" */;
			compatibilityVersion = "Xcode 3.2";
			developmentRegion = English;
			hasScannedForEncodings = 0;
			knownRegions = (
				en,
				Base,
			);
			mainGroup = 42D48EFA1CB759C50007E0B2;
			productRefGroup = 42D48F041CB759C50007E0B2 /* Products */;
			projectDirPath = "";
			projectRoot = "";
			targets = (
				42D48F021CB759C50007E0B2 /* BirthdayContacts */,
			);
		};
/* End PBXProject section */

/* Begin PBXResourcesBuildPhase section */
		42D48F011CB759C50007E0B2 /* Resources */ = {
			isa = PBXResourcesBuildPhase;
			buildActionMask = 2147483647;
			files = (
				42D48F251CB75A130007E0B2 /* Main.storyboard in Resources */,
				42D48F111CB759C50007E0B2 /* LaunchScreen.storyboard in Resources */,
				42D48F0E1CB759C50007E0B2 /* Assets.xcassets in Resources */,
				42D48F261CB75A130007E0B2 /* ContactBirthdayCell.xib in Resources */,
			);
			runOnlyForDeploymentPostprocessing = 0;
		};
/* End PBXResourcesBuildPhase section */

/* Begin PBXSourcesBuildPhase section */
		42D48EFF1CB759C50007E0B2 /* Sources */ = {
			isa = PBXSourcesBuildPhase;
			buildActionMask = 2147483647;
			files = (
				42D48F241CB75A130007E0B2 /* ContactBirthdayCell.swift in Sources */,
				42D48F221CB75A130007E0B2 /* AddContactViewController.swift in Sources */,
				42D48F231CB75A130007E0B2 /* CreateContactViewController.swift in Sources */,
				42D48F211CB75A130007E0B2 /* ViewController.swift in Sources */,
				42D48F201CB75A130007E0B2 /* AppDelegate.swift in Sources */,
			);
			runOnlyForDeploymentPostprocessing = 0;
		};
/* End PBXSourcesBuildPhase section */

/* Begin PBXVariantGroup section */
		42D48F0F1CB759C50007E0B2 /* LaunchScreen.storyboard */ = {
			isa = PBXVariantGroup;
			children = (
				42D48F101CB759C50007E0B2 /* Base */,
			);
			name = LaunchScreen.storyboard;
			sourceTree = "<group>";
		};
/* End PBXVariantGroup section */

/* Begin XCBuildConfiguration section */
		42D48F131CB759C50007E0B2 /* Debug */ = {
			isa = XCBuildConfiguration;
			buildSettings = {
				ALWAYS_SEARCH_USER_PATHS = NO;
				CLANG_ANALYZER_NONNULL = YES;
				CLANG_CXX_LANGUAGE_STANDARD = "gnu++0x";
				CLANG_CXX_LIBRARY = "libc++";
				CLANG_ENABLE_MODULES = YES;
				CLANG_ENABLE_OBJC_ARC = YES;
				CLANG_WARN_BOOL_CONVERSION = YES;
				CLANG_WARN_CONSTANT_CONVERSION = YES;
				CLANG_WARN_DIRECT_OBJC_ISA_USAGE = YES_ERROR;
				CLANG_WARN_EMPTY_BODY = YES;
				CLANG_WARN_ENUM_CONVERSION = YES;
				CLANG_WARN_INT_CONVERSION = YES;
				CLANG_WARN_OBJC_ROOT_CLASS = YES_ERROR;
				CLANG_WARN_UNREACHABLE_CODE = YES;
				CLANG_WARN__DUPLICATE_METHOD_MATCH = YES;
				"CODE_SIGN_IDENTITY[sdk=iphoneos*]" = "iPhone Developer";
				COPY_PHASE_STRIP = NO;
				DEBUG_INFORMATION_FORMAT = dwarf;
				ENABLE_STRICT_OBJC_MSGSEND = YES;
				ENABLE_TESTABILITY = YES;
				GCC_C_LANGUAGE_STANDARD = gnu99;
				GCC_DYNAMIC_NO_PIC = NO;
				GCC_NO_COMMON_BLOCKS = YES;
				GCC_OPTIMIZATION_LEVEL = 0;
				GCC_PREPROCESSOR_DEFINITIONS = (
					"DEBUG=1",
					"$(inherited)",
				);
				GCC_WARN_64_TO_32_BIT_CONVERSION = YES;
				GCC_WARN_ABOUT_RETURN_TYPE = YES_ERROR;
				GCC_WARN_UNDECLARED_SELECTOR = YES;
				GCC_WARN_UNINITIALIZED_AUTOS = YES_AGGRESSIVE;
				GCC_WARN_UNUSED_FUNCTION = YES;
				GCC_WARN_UNUSED_VARIABLE = YES;
				IPHONEOS_DEPLOYMENT_TARGET = 9.3;
				MTL_ENABLE_DEBUG_INFO = YES;
				ONLY_ACTIVE_ARCH = YES;
				SDKROOT = iphoneos;
				SWIFT_OPTIMIZATION_LEVEL = "-Onone";
			};
			name = Debug;
		};
		42D48F141CB759C50007E0B2 /* Release */ = {
			isa = XCBuildConfiguration;
			buildSettings = {
				ALWAYS_SEARCH_USER_PATHS = NO;
				CLANG_ANALYZER_NONNULL = YES;
				CLANG_CXX_LANGUAGE_STANDARD = "gnu++0x";
				CLANG_CXX_LIBRARY = "libc++";
				CLANG_ENABLE_MODULES = YES;
				CLANG_ENABLE_OBJC_ARC = YES;
				CLANG_WARN_BOOL_CONVERSION = YES;
				CLANG_WARN_CONSTANT_CONVERSION = YES;
				CLANG_WARN_DIRECT_OBJC_ISA_USAGE = YES_ERROR;
				CLANG_WARN_EMPTY_BODY = YES;
				CLANG_WARN_ENUM_CONVERSION = YES;
				CLANG_WARN_INT_CONVERSION = YES;
				CLANG_WARN_OBJC_ROOT_CLASS = YES_ERROR;
				CLANG_WARN_UNREACHABLE_CODE = YES;
				CLANG_WARN__DUPLICATE_METHOD_MATCH = YES;
				"CODE_SIGN_IDENTITY[sdk=iphoneos*]" = "iPhone Developer";
				COPY_PHASE_STRIP = NO;
				DEBUG_INFORMATION_FORMAT = "dwarf-with-dsym";
				ENABLE_NS_ASSERTIONS = NO;
				ENABLE_STRICT_OBJC_MSGSEND = YES;
				GCC_C_LANGUAGE_STANDARD = gnu99;
				GCC_NO_COMMON_BLOCKS = YES;
				GCC_WARN_64_TO_32_BIT_CONVERSION = YES;
				GCC_WARN_ABOUT_RETURN_TYPE = YES_ERROR;
				GCC_WARN_UNDECLARED_SELECTOR = YES;
				GCC_WARN_UNINITIALIZED_AUTOS = YES_AGGRESSIVE;
				GCC_WARN_UNUSED_FUNCTION = YES;
				GCC_WARN_UNUSED_VARIABLE = YES;
				IPHONEOS_DEPLOYMENT_TARGET = 9.3;
				MTL_ENABLE_DEBUG_INFO = NO;
				SDKROOT = iphoneos;
				VALIDATE_PRODUCT = YES;
			};
			name = Release;
		};
		42D48F161CB759C50007E0B2 /* Debug */ = {
			isa = XCBuildConfiguration;
			buildSettings = {
				ASSETCATALOG_COMPILER_APPICON_NAME = AppIcon;
				CLANG_ENABLE_MODULES = YES;
				CODE_SIGN_IDENTITY = "iPhone Developer";
				INFOPLIST_FILE = BirthdayContacts/Info.plist;
				LD_RUNPATH_SEARCH_PATHS = "$(inherited) @executable_path/Frameworks";
				PRODUCT_BUNDLE_IDENTIFIER = com.omarfaruqe.BirthdayContacts;
				PRODUCT_NAME = "$(TARGET_NAME)";
				SWIFT_OBJC_BRIDGING_HEADER = "BirthdayContacts/BirthdayContacts-Bridging-Header.h";
				SWIFT_OPTIMIZATION_LEVEL = "-Onone";
			};
			name = Debug;
		};
		42D48F171CB759C50007E0B2 /* Release */ = {
			isa = XCBuildConfiguration;
			buildSettings = {
				ASSETCATALOG_COMPILER_APPICON_NAME = AppIcon;
				CLANG_ENABLE_MODULES = YES;
				CODE_SIGN_IDENTITY = "iPhone Developer";
				INFOPLIST_FILE = BirthdayContacts/Info.plist;
				LD_RUNPATH_SEARCH_PATHS = "$(inherited) @executable_path/Frameworks";
				PRODUCT_BUNDLE_IDENTIFIER = com.omarfaruqe.BirthdayContacts;
				PRODUCT_NAME = "$(TARGET_NAME)";
				SWIFT_OBJC_BRIDGING_HEADER = "BirthdayContacts/BirthdayContacts-Bridging-Header.h";
			};
			name = Release;
		};
/* End XCBuildConfiguration section */

/* Begin XCConfigurationList section */
		42D48EFE1CB759C50007E0B2 /* Build configuration list for PBXProject "BirthdayContacts" */ = {
			isa = XCConfigurationList;
			buildConfigurations = (
				42D48F131CB759C50007E0B2 /* Debug */,
				42D48F141CB759C50007E0B2 /* Release */,
			);
			defaultConfigurationIsVisible = 0;
			defaultConfigurationName = Release;
		};
		42D48F151CB759C50007E0B2 /* Build configuration list for PBXNativeTarget "BirthdayContacts" */ = {
			isa = XCConfigurationList;
			buildConfigurations = (
				42D48F161CB759C50007E0B2 /* Debug */,
				42D48F171CB759C50007E0B2 /* Release */,
			);
			defaultConfigurationIsVisible = 0;
		};
/* End XCConfigurationList section */
	};
	rootObject = 42D48EFB1CB759C50007E0B2 /* Project object */;
}
